// !$*UTF8*$!
{
	archiveVersion = 1;
	classes = {
	};
	objectVersion = 48;
	objects = {

/* Begin PBXBuildFile section */
		5D1CC7C79D05BCFB6AAAB172 /* libPods-ZLImageTextButton.a in Frameworks */ = {isa = PBXBuildFile; fileRef = 172F512D3AB13848DF3B9A4F /* libPods-ZLImageTextButton.a */; };
		ADCAA8531FDE2BDB009D0078 /* LICENSE in Resources */ = {isa = PBXBuildFile; fileRef = ADCAA8371FDE2BDB009D0078 /* LICENSE */; };
		ADCAA8541FDE2BDB009D0078 /* MASCompositeConstraint.m in Sources */ = {isa = PBXBuildFile; fileRef = ADCAA83A1FDE2BDB009D0078 /* MASCompositeConstraint.m */; };
		ADCAA8551FDE2BDB009D0078 /* MASConstraint.m in Sources */ = {isa = PBXBuildFile; fileRef = ADCAA83D1FDE2BDB009D0078 /* MASConstraint.m */; };
		ADCAA8561FDE2BDB009D0078 /* MASConstraintMaker.m in Sources */ = {isa = PBXBuildFile; fileRef = ADCAA83F1FDE2BDB009D0078 /* MASConstraintMaker.m */; };
		ADCAA8571FDE2BDB009D0078 /* MASLayoutConstraint.m in Sources */ = {isa = PBXBuildFile; fileRef = ADCAA8411FDE2BDB009D0078 /* MASLayoutConstraint.m */; };
		ADCAA8581FDE2BDB009D0078 /* MASViewAttribute.m in Sources */ = {isa = PBXBuildFile; fileRef = ADCAA8451FDE2BDB009D0078 /* MASViewAttribute.m */; };
		ADCAA8591FDE2BDB009D0078 /* MASViewConstraint.m in Sources */ = {isa = PBXBuildFile; fileRef = ADCAA8471FDE2BDB009D0078 /* MASViewConstraint.m */; };
		ADCAA85A1FDE2BDB009D0078 /* NSArray+MASAdditions.m in Sources */ = {isa = PBXBuildFile; fileRef = ADCAA8491FDE2BDB009D0078 /* NSArray+MASAdditions.m */; };
		ADCAA85B1FDE2BDB009D0078 /* NSLayoutConstraint+MASDebugAdditions.m in Sources */ = {isa = PBXBuildFile; fileRef = ADCAA84C1FDE2BDB009D0078 /* NSLayoutConstraint+MASDebugAdditions.m */; };
		ADCAA85C1FDE2BDB009D0078 /* View+MASAdditions.m in Sources */ = {isa = PBXBuildFile; fileRef = ADCAA84E1FDE2BDB009D0078 /* View+MASAdditions.m */; };
		ADCAA85D1FDE2BDB009D0078 /* ViewController+MASAdditions.m in Sources */ = {isa = PBXBuildFile; fileRef = ADCAA8511FDE2BDB009D0078 /* ViewController+MASAdditions.m */; };
		ADCAA85E1FDE2BDB009D0078 /* README.md in Resources */ = {isa = PBXBuildFile; fileRef = ADCAA8521FDE2BDB009D0078 /* README.md */; };
		BE3F00011FABFE9E00B8D31B /* ZLImageTextButton.m in Sources */ = {isa = PBXBuildFile; fileRef = BE3F00001FABFE9E00B8D31B /* ZLImageTextButton.m */; };
		BE3FFFCE1FABF9BB00B8D31B /* AppDelegate.m in Sources */ = {isa = PBXBuildFile; fileRef = BE3FFFCD1FABF9BB00B8D31B /* AppDelegate.m */; };
		BE3FFFD11FABF9BB00B8D31B /* ViewController.m in Sources */ = {isa = PBXBuildFile; fileRef = BE3FFFD01FABF9BB00B8D31B /* ViewController.m */; };
		BE3FFFD41FABF9BB00B8D31B /* Main.storyboard in Resources */ = {isa = PBXBuildFile; fileRef = BE3FFFD21FABF9BB00B8D31B /* Main.storyboard */; };
		BE3FFFD61FABF9BB00B8D31B /* Assets.xcassets in Resources */ = {isa = PBXBuildFile; fileRef = BE3FFFD51FABF9BB00B8D31B /* Assets.xcassets */; };
		BE3FFFD91FABF9BB00B8D31B /* LaunchScreen.storyboard in Resources */ = {isa = PBXBuildFile; fileRef = BE3FFFD71FABF9BB00B8D31B /* LaunchScreen.storyboard */; };
		BE3FFFDC1FABF9BB00B8D31B /* main.m in Sources */ = {isa = PBXBuildFile; fileRef = BE3FFFDB1FABF9BB00B8D31B /* main.m */; };
		BE3FFFE61FABF9BB00B8D31B /* ZLImageTextButtonTests.m in Sources */ = {isa = PBXBuildFile; fileRef = BE3FFFE51FABF9BB00B8D31B /* ZLImageTextButtonTests.m */; };
		BE3FFFF11FABF9BB00B8D31B /* ZLImageTextButtonUITests.m in Sources */ = {isa = PBXBuildFile; fileRef = BE3FFFF01FABF9BB00B8D31B /* ZLImageTextButtonUITests.m */; };
/* End PBXBuildFile section */

/* Begin PBXContainerItemProxy section */
		BE3FFFE21FABF9BB00B8D31B /* PBXContainerItemProxy */ = {
			isa = PBXContainerItemProxy;
			containerPortal = BE3FFFC11FABF9BB00B8D31B /* Project object */;
			proxyType = 1;
			remoteGlobalIDString = BE3FFFC81FABF9BB00B8D31B;
			remoteInfo = ZLImageTextButton;
		};
		BE3FFFED1FABF9BB00B8D31B /* PBXContainerItemProxy */ = {
			isa = PBXContainerItemProxy;
			containerPortal = BE3FFFC11FABF9BB00B8D31B /* Project object */;
			proxyType = 1;
			remoteGlobalIDString = BE3FFFC81FABF9BB00B8D31B;
			remoteInfo = ZLImageTextButton;
		};
/* End PBXContainerItemProxy section */

/* Begin PBXFileReference section */
		172F512D3AB13848DF3B9A4F /* libPods-ZLImageTextButton.a */ = {isa = PBXFileReference; explicitFileType = archive.ar; includeInIndex = 0; path = "libPods-ZLImageTextButton.a"; sourceTree = BUILT_PRODUCTS_DIR; };
		9D84A555A293A87E64AE6202 /* Pods-ZLImageTextButton.debug.xcconfig */ = {isa = PBXFileReference; includeInIndex = 1; lastKnownFileType = text.xcconfig; name = "Pods-ZLImageTextButton.debug.xcconfig"; path = "Pods/Target Support Files/Pods-ZLImageTextButton/Pods-ZLImageTextButton.debug.xcconfig"; sourceTree = "<group>"; };
		ADCAA8371FDE2BDB009D0078 /* LICENSE */ = {isa = PBXFileReference; fileEncoding = 4; lastKnownFileType = text; path = LICENSE; sourceTree = "<group>"; };
		ADCAA8391FDE2BDB009D0078 /* MASCompositeConstraint.h */ = {isa = PBXFileReference; fileEncoding = 4; lastKnownFileType = sourcecode.c.h; path = MASCompositeConstraint.h; sourceTree = "<group>"; };
		ADCAA83A1FDE2BDB009D0078 /* MASCompositeConstraint.m */ = {isa = PBXFileReference; fileEncoding = 4; lastKnownFileType = sourcecode.c.objc; path = MASCompositeConstraint.m; sourceTree = "<group>"; };
		ADCAA83B1FDE2BDB009D0078 /* MASConstraint+Private.h */ = {isa = PBXFileReference; fileEncoding = 4; lastKnownFileType = sourcecode.c.h; path = "MASConstraint+Private.h"; sourceTree = "<group>"; };
		ADCAA83C1FDE2BDB009D0078 /* MASConstraint.h */ = {isa = PBXFileReference; fileEncoding = 4; lastKnownFileType = sourcecode.c.h; path = MASConstraint.h; sourceTree = "<group>"; };
		ADCAA83D1FDE2BDB009D0078 /* MASConstraint.m */ = {isa = PBXFileReference; fileEncoding = 4; lastKnownFileType = sourcecode.c.objc; path = MASConstraint.m; sourceTree = "<group>"; };
		ADCAA83E1FDE2BDB009D0078 /* MASConstraintMaker.h */ = {isa = PBXFileReference; fileEncoding = 4; lastKnownFileType = sourcecode.c.h; path = MASConstraintMaker.h; sourceTree = "<group>"; };
		ADCAA83F1FDE2BDB009D0078 /* MASConstraintMaker.m */ = {isa = PBXFileReference; fileEncoding = 4; lastKnownFileType = sourcecode.c.objc; path = MASConstraintMaker.m; sourceTree = "<group>"; };
		ADCAA8401FDE2BDB009D0078 /* MASLayoutConstraint.h */ = {isa = PBXFileReference; fileEncoding = 4; lastKnownFileType = sourcecode.c.h; path = MASLayoutConstraint.h; sourceTree = "<group>"; };
		ADCAA8411FDE2BDB009D0078 /* MASLayoutConstraint.m */ = {isa = PBXFileReference; fileEncoding = 4; lastKnownFileType = sourcecode.c.objc; path = MASLayoutConstraint.m; sourceTree = "<group>"; };
		ADCAA8421FDE2BDB009D0078 /* Masonry.h */ = {isa = PBXFileReference; fileEncoding = 4; lastKnownFileType = sourcecode.c.h; path = Masonry.h; sourceTree = "<group>"; };
		ADCAA8431FDE2BDB009D0078 /* MASUtilities.h */ = {isa = PBXFileReference; fileEncoding = 4; lastKnownFileType = sourcecode.c.h; path = MASUtilities.h; sourceTree = "<group>"; };
		ADCAA8441FDE2BDB009D0078 /* MASViewAttribute.h */ = {isa = PBXFileReference; fileEncoding = 4; lastKnownFileType = sourcecode.c.h; path = MASViewAttribute.h; sourceTree = "<group>"; };
		ADCAA8451FDE2BDB009D0078 /* MASViewAttribute.m */ = {isa = PBXFileReference; fileEncoding = 4; lastKnownFileType = sourcecode.c.objc; path = MASViewAttribute.m; sourceTree = "<group>"; };
		ADCAA8461FDE2BDB009D0078 /* MASViewConstraint.h */ = {isa = PBXFileReference; fileEncoding = 4; lastKnownFileType = sourcecode.c.h; path = MASViewConstraint.h; sourceTree = "<group>"; };
		ADCAA8471FDE2BDB009D0078 /* MASViewConstraint.m */ = {isa = PBXFileReference; fileEncoding = 4; lastKnownFileType = sourcecode.c.objc; path = MASViewConstraint.m; sourceTree = "<group>"; };
		ADCAA8481FDE2BDB009D0078 /* NSArray+MASAdditions.h */ = {isa = PBXFileReference; fileEncoding = 4; lastKnownFileType = sourcecode.c.h; path = "NSArray+MASAdditions.h"; sourceTree = "<group>"; };
		ADCAA8491FDE2BDB009D0078 /* NSArray+MASAdditions.m */ = {isa = PBXFileReference; fileEncoding = 4; lastKnownFileType = sourcecode.c.objc; path = "NSArray+MASAdditions.m"; sourceTree = "<group>"; };
		ADCAA84A1FDE2BDB009D0078 /* NSArray+MASShorthandAdditions.h */ = {isa = PBXFileReference; fileEncoding = 4; lastKnownFileType = sourcecode.c.h; path = "NSArray+MASShorthandAdditions.h"; sourceTree = "<group>"; };
		ADCAA84B1FDE2BDB009D0078 /* NSLayoutConstraint+MASDebugAdditions.h */ = {isa = PBXFileReference; fileEncoding = 4; lastKnownFileType = sourcecode.c.h; path = "NSLayoutConstraint+MASDebugAdditions.h"; sourceTree = "<group>"; };
		ADCAA84C1FDE2BDB009D0078 /* NSLayoutConstraint+MASDebugAdditions.m */ = {isa = PBXFileReference; fileEncoding = 4; lastKnownFileType = sourcecode.c.objc; path = "NSLayoutConstraint+MASDebugAdditions.m"; sourceTree = "<group>"; };
		ADCAA84D1FDE2BDB009D0078 /* View+MASAdditions.h */ = {isa = PBXFileReference; fileEncoding = 4; lastKnownFileType = sourcecode.c.h; path = "View+MASAdditions.h"; sourceTree = "<group>"; };
		ADCAA84E1FDE2BDB009D0078 /* View+MASAdditions.m */ = {isa = PBXFileReference; fileEncoding = 4; lastKnownFileType = sourcecode.c.objc; path = "View+MASAdditions.m"; sourceTree = "<group>"; };
		ADCAA84F1FDE2BDB009D0078 /* View+MASShorthandAdditions.h */ = {isa = PBXFileReference; fileEncoding = 4; lastKnownFileType = sourcecode.c.h; path = "View+MASShorthandAdditions.h"; sourceTree = "<group>"; };
		ADCAA8501FDE2BDB009D0078 /* ViewController+MASAdditions.h */ = {isa = PBXFileReference; fileEncoding = 4; lastKnownFileType = sourcecode.c.h; path = "ViewController+MASAdditions.h"; sourceTree = "<group>"; };
		ADCAA8511FDE2BDB009D0078 /* ViewController+MASAdditions.m */ = {isa = PBXFileReference; fileEncoding = 4; lastKnownFileType = sourcecode.c.objc; path = "ViewController+MASAdditions.m"; sourceTree = "<group>"; };
		ADCAA8521FDE2BDB009D0078 /* README.md */ = {isa = PBXFileReference; fileEncoding = 4; lastKnownFileType = net.daringfireball.markdown; path = README.md; sourceTree = "<group>"; };
		BE3F00001FABFE9E00B8D31B /* ZLImageTextButton.m */ = {isa = PBXFileReference; lastKnownFileType = sourcecode.c.objc; path = ZLImageTextButton.m; sourceTree = "<group>"; };
		BE3FFFC91FABF9BB00B8D31B /* ZLImageTextButton.app */ = {isa = PBXFileReference; explicitFileType = wrapper.application; includeInIndex = 0; path = ZLImageTextButton.app; sourceTree = BUILT_PRODUCTS_DIR; };
		BE3FFFCC1FABF9BB00B8D31B /* AppDelegate.h */ = {isa = PBXFileReference; lastKnownFileType = sourcecode.c.h; path = AppDelegate.h; sourceTree = "<group>"; };
		BE3FFFCD1FABF9BB00B8D31B /* AppDelegate.m */ = {isa = PBXFileReference; lastKnownFileType = sourcecode.c.objc; path = AppDelegate.m; sourceTree = "<group>"; };
		BE3FFFCF1FABF9BB00B8D31B /* ViewController.h */ = {isa = PBXFileReference; lastKnownFileType = sourcecode.c.h; path = ViewController.h; sourceTree = "<group>"; };
		BE3FFFD01FABF9BB00B8D31B /* ViewController.m */ = {isa = PBXFileReference; lastKnownFileType = sourcecode.c.objc; path = ViewController.m; sourceTree = "<group>"; };
		BE3FFFD31FABF9BB00B8D31B /* Base */ = {isa = PBXFileReference; lastKnownFileType = file.storyboard; name = Base; path = Base.lproj/Main.storyboard; sourceTree = "<group>"; };
		BE3FFFD51FABF9BB00B8D31B /* Assets.xcassets */ = {isa = PBXFileReference; lastKnownFileType = folder.assetcatalog; path = Assets.xcassets; sourceTree = "<group>"; };
		BE3FFFD81FABF9BB00B8D31B /* Base */ = {isa = PBXFileReference; lastKnownFileType = file.storyboard; name = Base; path = Base.lproj/LaunchScreen.storyboard; sourceTree = "<group>"; };
		BE3FFFDA1FABF9BB00B8D31B /* Info.plist */ = {isa = PBXFileReference; lastKnownFileType = text.plist.xml; path = Info.plist; sourceTree = "<group>"; };
		BE3FFFDB1FABF9BB00B8D31B /* main.m */ = {isa = PBXFileReference; lastKnownFileType = sourcecode.c.objc; path = main.m; sourceTree = "<group>"; };
		BE3FFFE11FABF9BB00B8D31B /* ZLImageTextButtonTests.xctest */ = {isa = PBXFileReference; explicitFileType = wrapper.cfbundle; includeInIndex = 0; path = ZLImageTextButtonTests.xctest; sourceTree = BUILT_PRODUCTS_DIR; };
		BE3FFFE51FABF9BB00B8D31B /* ZLImageTextButtonTests.m */ = {isa = PBXFileReference; lastKnownFileType = sourcecode.c.objc; path = ZLImageTextButtonTests.m; sourceTree = "<group>"; };
		BE3FFFE71FABF9BB00B8D31B /* Info.plist */ = {isa = PBXFileReference; lastKnownFileType = text.plist.xml; path = Info.plist; sourceTree = "<group>"; };
		BE3FFFEC1FABF9BB00B8D31B /* ZLImageTextButtonUITests.xctest */ = {isa = PBXFileReference; explicitFileType = wrapper.cfbundle; includeInIndex = 0; path = ZLImageTextButtonUITests.xctest; sourceTree = BUILT_PRODUCTS_DIR; };
		BE3FFFF01FABF9BB00B8D31B /* ZLImageTextButtonUITests.m */ = {isa = PBXFileReference; lastKnownFileType = sourcecode.c.objc; path = ZLImageTextButtonUITests.m; sourceTree = "<group>"; };
		BE3FFFF21FABF9BB00B8D31B /* Info.plist */ = {isa = PBXFileReference; lastKnownFileType = text.plist.xml; path = Info.plist; sourceTree = "<group>"; };
		BE3FFFFF1FABFE9E00B8D31B /* ZLImageTextButton.h */ = {isa = PBXFileReference; lastKnownFileType = sourcecode.c.h; path = ZLImageTextButton.h; sourceTree = "<group>"; };
		EC733592AD6D593A37A554E0 /* Pods-ZLImageTextButton.release.xcconfig */ = {isa = PBXFileReference; includeInIndex = 1; lastKnownFileType = text.xcconfig; name = "Pods-ZLImageTextButton.release.xcconfig"; path = "Pods/Target Support Files/Pods-ZLImageTextButton/Pods-ZLImageTextButton.release.xcconfig"; sourceTree = "<group>"; };
/* End PBXFileReference section */

/* Begin PBXFrameworksBuildPhase section */
		BE3FFFC61FABF9BB00B8D31B /* Frameworks */ = {
			isa = PBXFrameworksBuildPhase;
			buildActionMask = 2147483647;
			files = (
				5D1CC7C79D05BCFB6AAAB172 /* libPods-ZLImageTextButton.a in Frameworks */,
			);
			runOnlyForDeploymentPostprocessing = 0;
		};
		BE3FFFDE1FABF9BB00B8D31B /* Frameworks */ = {
			isa = PBXFrameworksBuildPhase;
			buildActionMask = 2147483647;
			files = (
			);
			runOnlyForDeploymentPostprocessing = 0;
		};
		BE3FFFE91FABF9BB00B8D31B /* Frameworks */ = {
			isa = PBXFrameworksBuildPhase;
			buildActionMask = 2147483647;
			files = (
			);
			runOnlyForDeploymentPostprocessing = 0;
		};
/* End PBXFrameworksBuildPhase section */

/* Begin PBXGroup section */
		9D6224E295223F3D0AF5C818 /* Pods */ = {
			isa = PBXGroup;
			children = (
				9D84A555A293A87E64AE6202 /* Pods-ZLImageTextButton.debug.xcconfig */,
				EC733592AD6D593A37A554E0 /* Pods-ZLImageTextButton.release.xcconfig */,
			);
			name = Pods;
			sourceTree = "<group>";
		};
		ADCAA8361FDE2BDB009D0078 /* Masonry */ = {
			isa = PBXGroup;
			children = (
				ADCAA8371FDE2BDB009D0078 /* LICENSE */,
				ADCAA8381FDE2BDB009D0078 /* Masonry */,
				ADCAA8521FDE2BDB009D0078 /* README.md */,
			);
			path = Masonry;
			sourceTree = "<group>";
		};
		ADCAA8381FDE2BDB009D0078 /* Masonry */ = {
			isa = PBXGroup;
			children = (
				ADCAA8391FDE2BDB009D0078 /* MASCompositeConstraint.h */,
				ADCAA83A1FDE2BDB009D0078 /* MASCompositeConstraint.m */,
				ADCAA83B1FDE2BDB009D0078 /* MASConstraint+Private.h */,
				ADCAA83C1FDE2BDB009D0078 /* MASConstraint.h */,
				ADCAA83D1FDE2BDB009D0078 /* MASConstraint.m */,
				ADCAA83E1FDE2BDB009D0078 /* MASConstraintMaker.h */,
				ADCAA83F1FDE2BDB009D0078 /* MASConstraintMaker.m */,
				ADCAA8401FDE2BDB009D0078 /* MASLayoutConstraint.h */,
				ADCAA8411FDE2BDB009D0078 /* MASLayoutConstraint.m */,
				ADCAA8421FDE2BDB009D0078 /* Masonry.h */,
				ADCAA8431FDE2BDB009D0078 /* MASUtilities.h */,
				ADCAA8441FDE2BDB009D0078 /* MASViewAttribute.h */,
				ADCAA8451FDE2BDB009D0078 /* MASViewAttribute.m */,
				ADCAA8461FDE2BDB009D0078 /* MASViewConstraint.h */,
				ADCAA8471FDE2BDB009D0078 /* MASViewConstraint.m */,
				ADCAA8481FDE2BDB009D0078 /* NSArray+MASAdditions.h */,
				ADCAA8491FDE2BDB009D0078 /* NSArray+MASAdditions.m */,
				ADCAA84A1FDE2BDB009D0078 /* NSArray+MASShorthandAdditions.h */,
				ADCAA84B1FDE2BDB009D0078 /* NSLayoutConstraint+MASDebugAdditions.h */,
				ADCAA84C1FDE2BDB009D0078 /* NSLayoutConstraint+MASDebugAdditions.m */,
				ADCAA84D1FDE2BDB009D0078 /* View+MASAdditions.h */,
				ADCAA84E1FDE2BDB009D0078 /* View+MASAdditions.m */,
				ADCAA84F1FDE2BDB009D0078 /* View+MASShorthandAdditions.h */,
				ADCAA8501FDE2BDB009D0078 /* ViewController+MASAdditions.h */,
				ADCAA8511FDE2BDB009D0078 /* ViewController+MASAdditions.m */,
			);
			path = Masonry;
			sourceTree = "<group>";
		};
		BE3FFFC01FABF9BB00B8D31B = {
			isa = PBXGroup;
			children = (
				BE3FFFCB1FABF9BB00B8D31B /* ZLImageTextButton */,
				BE3FFFE41FABF9BB00B8D31B /* ZLImageTextButtonTests */,
				BE3FFFEF1FABF9BB00B8D31B /* ZLImageTextButtonUITests */,
				BE3FFFCA1FABF9BB00B8D31B /* Products */,
				9D6224E295223F3D0AF5C818 /* Pods */,
				F0E4B528AAC4BD618BCEC16B /* Frameworks */,
			);
			sourceTree = "<group>";
		};
		BE3FFFCA1FABF9BB00B8D31B /* Products */ = {
			isa = PBXGroup;
			children = (
				BE3FFFC91FABF9BB00B8D31B /* ZLImageTextButton.app */,
				BE3FFFE11FABF9BB00B8D31B /* ZLImageTextButtonTests.xctest */,
				BE3FFFEC1FABF9BB00B8D31B /* ZLImageTextButtonUITests.xctest */,
			);
			name = Products;
			sourceTree = "<group>";
		};
		BE3FFFCB1FABF9BB00B8D31B /* ZLImageTextButton */ = {
			isa = PBXGroup;
			children = (
				ADCAA8361FDE2BDB009D0078 /* Masonry */,
				BE3FFFFE1FABFE7300B8D31B /* ZLImageTextButton */,
				BE3FFFCC1FABF9BB00B8D31B /* AppDelegate.h */,
				BE3FFFCD1FABF9BB00B8D31B /* AppDelegate.m */,
				BE3FFFCF1FABF9BB00B8D31B /* ViewController.h */,
				BE3FFFD01FABF9BB00B8D31B /* ViewController.m */,
				BE3FFFD21FABF9BB00B8D31B /* Main.storyboard */,
				BE3FFFD51FABF9BB00B8D31B /* Assets.xcassets */,
				BE3FFFD71FABF9BB00B8D31B /* LaunchScreen.storyboard */,
				BE3FFFDA1FABF9BB00B8D31B /* Info.plist */,
				BE3FFFDB1FABF9BB00B8D31B /* main.m */,
			);
			path = ZLImageTextButton;
			sourceTree = "<group>";
		};
		BE3FFFE41FABF9BB00B8D31B /* ZLImageTextButtonTests */ = {
			isa = PBXGroup;
			children = (
				BE3FFFE51FABF9BB00B8D31B /* ZLImageTextButtonTests.m */,
				BE3FFFE71FABF9BB00B8D31B /* Info.plist */,
			);
			path = ZLImageTextButtonTests;
			sourceTree = "<group>";
		};
		BE3FFFEF1FABF9BB00B8D31B /* ZLImageTextButtonUITests */ = {
			isa = PBXGroup;
			children = (
				BE3FFFF01FABF9BB00B8D31B /* ZLImageTextButtonUITests.m */,
				BE3FFFF21FABF9BB00B8D31B /* Info.plist */,
			);
			path = ZLImageTextButtonUITests;
			sourceTree = "<group>";
		};
		BE3FFFFE1FABFE7300B8D31B /* ZLImageTextButton */ = {
			isa = PBXGroup;
			children = (
				BE3FFFFF1FABFE9E00B8D31B /* ZLImageTextButton.h */,
				BE3F00001FABFE9E00B8D31B /* ZLImageTextButton.m */,
			);
			path = ZLImageTextButton;
			sourceTree = "<group>";
		};
		F0E4B528AAC4BD618BCEC16B /* Frameworks */ = {
			isa = PBXGroup;
			children = (
				172F512D3AB13848DF3B9A4F /* libPods-ZLImageTextButton.a */,
			);
			name = Frameworks;
			sourceTree = "<group>";
		};
/* End PBXGroup section */

/* Begin PBXNativeTarget section */
		BE3FFFC81FABF9BB00B8D31B /* ZLImageTextButton */ = {
			isa = PBXNativeTarget;
			buildConfigurationList = BE3FFFF51FABF9BB00B8D31B /* Build configuration list for PBXNativeTarget "ZLImageTextButton" */;
			buildPhases = (
				EA107A14039FEFB42A77C98B /* [CP] Check Pods Manifest.lock */,
				BE3FFFC51FABF9BB00B8D31B /* Sources */,
				BE3FFFC61FABF9BB00B8D31B /* Frameworks */,
				BE3FFFC71FABF9BB00B8D31B /* Resources */,
				525301D853B9662773519C6E /* [CP] Embed Pods Frameworks */,
				F2EA9A5BEE1AF4FF98642C06 /* [CP] Copy Pods Resources */,
			);
			buildRules = (
			);
			dependencies = (
			);
			name = ZLImageTextButton;
			productName = ZLImageTextButton;
			productReference = BE3FFFC91FABF9BB00B8D31B /* ZLImageTextButton.app */;
			productType = "com.apple.product-type.application";
		};
		BE3FFFE01FABF9BB00B8D31B /* ZLImageTextButtonTests */ = {
			isa = PBXNativeTarget;
			buildConfigurationList = BE3FFFF81FABF9BB00B8D31B /* Build configuration list for PBXNativeTarget "ZLImageTextButtonTests" */;
			buildPhases = (
				BE3FFFDD1FABF9BB00B8D31B /* Sources */,
				BE3FFFDE1FABF9BB00B8D31B /* Frameworks */,
				BE3FFFDF1FABF9BB00B8D31B /* Resources */,
			);
			buildRules = (
			);
			dependencies = (
				BE3FFFE31FABF9BB00B8D31B /* PBXTargetDependency */,
			);
			name = ZLImageTextButtonTests;
			productName = ZLImageTextButtonTests;
			productReference = BE3FFFE11FABF9BB00B8D31B /* ZLImageTextButtonTests.xctest */;
			productType = "com.apple.product-type.bundle.unit-test";
		};
		BE3FFFEB1FABF9BB00B8D31B /* ZLImageTextButtonUITests */ = {
			isa = PBXNativeTarget;
			buildConfigurationList = BE3FFFFB1FABF9BB00B8D31B /* Build configuration list for PBXNativeTarget "ZLImageTextButtonUITests" */;
			buildPhases = (
				BE3FFFE81FABF9BB00B8D31B /* Sources */,
				BE3FFFE91FABF9BB00B8D31B /* Frameworks */,
				BE3FFFEA1FABF9BB00B8D31B /* Resources */,
			);
			buildRules = (
			);
			dependencies = (
				BE3FFFEE1FABF9BB00B8D31B /* PBXTargetDependency */,
			);
			name = ZLImageTextButtonUITests;
			productName = ZLImageTextButtonUITests;
			productReference = BE3FFFEC1FABF9BB00B8D31B /* ZLImageTextButtonUITests.xctest */;
			productType = "com.apple.product-type.bundle.ui-testing";
		};
/* End PBXNativeTarget section */

/* Begin PBXProject section */
		BE3FFFC11FABF9BB00B8D31B /* Project object */ = {
			isa = PBXProject;
			attributes = {
				LastUpgradeCheck = 0910;
				ORGANIZATIONNAME = "zhaoliang chen";
				TargetAttributes = {
					BE3FFFC81FABF9BB00B8D31B = {
						CreatedOnToolsVersion = 9.1;
						ProvisioningStyle = Automatic;
					};
					BE3FFFE01FABF9BB00B8D31B = {
						CreatedOnToolsVersion = 9.1;
						ProvisioningStyle = Automatic;
						TestTargetID = BE3FFFC81FABF9BB00B8D31B;
					};
					BE3FFFEB1FABF9BB00B8D31B = {
						CreatedOnToolsVersion = 9.1;
						ProvisioningStyle = Automatic;
						TestTargetID = BE3FFFC81FABF9BB00B8D31B;
					};
				};
			};
			buildConfigurationList = BE3FFFC41FABF9BB00B8D31B /* Build configuration list for PBXProject "ZLImageTextButton" */;
			compatibilityVersion = "Xcode 8.0";
			developmentRegion = en;
			hasScannedForEncodings = 0;
			knownRegions = (
				en,
				Base,
			);
			mainGroup = BE3FFFC01FABF9BB00B8D31B;
			productRefGroup = BE3FFFCA1FABF9BB00B8D31B /* Products */;
			projectDirPath = "";
			projectRoot = "";
			targets = (
				BE3FFFC81FABF9BB00B8D31B /* ZLImageTextButton */,
				BE3FFFE01FABF9BB00B8D31B /* ZLImageTextButtonTests */,
				BE3FFFEB1FABF9BB00B8D31B /* ZLImageTextButtonUITests */,
			);
		};
/* End PBXProject section */

/* Begin PBXResourcesBuildPhase section */
		BE3FFFC71FABF9BB00B8D31B /* Resources */ = {
			isa = PBXResourcesBuildPhase;
			buildActionMask = 2147483647;
			files = (
				BE3FFFD91FABF9BB00B8D31B /* LaunchScreen.storyboard in Resources */,
				BE3FFFD61FABF9BB00B8D31B /* Assets.xcassets in Resources */,
				ADCAA85E1FDE2BDB009D0078 /* README.md in Resources */,
				ADCAA8531FDE2BDB009D0078 /* LICENSE in Resources */,
				BE3FFFD41FABF9BB00B8D31B /* Main.storyboard in Resources */,
			);
			runOnlyForDeploymentPostprocessing = 0;
		};
		BE3FFFDF1FABF9BB00B8D31B /* Resources */ = {
			isa = PBXResourcesBuildPhase;
			buildActionMask = 2147483647;
			files = (
			);
			runOnlyForDeploymentPostprocessing = 0;
		};
		BE3FFFEA1FABF9BB00B8D31B /* Resources */ = {
			isa = PBXResourcesBuildPhase;
			buildActionMask = 2147483647;
			files = (
			);
			runOnlyForDeploymentPostprocessing = 0;
		};
/* End PBXResourcesBuildPhase section */

/* Begin PBXShellScriptBuildPhase section */
		525301D853B9662773519C6E /* [CP] Embed Pods Frameworks */ = {
			isa = PBXShellScriptBuildPhase;
			buildActionMask = 2147483647;
			files = (
			);
			inputPaths = (
			);
			name = "[CP] Embed Pods Frameworks";
			outputPaths = (
			);
			runOnlyForDeploymentPostprocessing = 0;
			shellPath = /bin/sh;
			shellScript = "\"${SRCROOT}/Pods/Target Support Files/Pods-ZLImageTextButton/Pods-ZLImageTextButton-frameworks.sh\"\n";
			showEnvVarsInLog = 0;
		};
		EA107A14039FEFB42A77C98B /* [CP] Check Pods Manifest.lock */ = {
			isa = PBXShellScriptBuildPhase;
			buildActionMask = 2147483647;
			files = (
			);
			inputPaths = (
				"${PODS_PODFILE_DIR_PATH}/Podfile.lock",
				"${PODS_ROOT}/Manifest.lock",
			);
			name = "[CP] Check Pods Manifest.lock";
			outputPaths = (
				"$(DERIVED_FILE_DIR)/Pods-ZLImageTextButton-checkManifestLockResult.txt",
			);
			runOnlyForDeploymentPostprocessing = 0;
			shellPath = /bin/sh;
			shellScript = "diff \"${PODS_PODFILE_DIR_PATH}/Podfile.lock\" \"${PODS_ROOT}/Manifest.lock\" > /dev/null\nif [ $? != 0 ] ; then\n    # print error to STDERR\n    echo \"error: The sandbox is not in sync with the Podfile.lock. Run 'pod install' or update your CocoaPods installation.\" >&2\n    exit 1\nfi\n# This output is used by Xcode 'outputs' to avoid re-running this script phase.\necho \"SUCCESS\" > \"${SCRIPT_OUTPUT_FILE_0}\"\n";
			showEnvVarsInLog = 0;
		};
		F2EA9A5BEE1AF4FF98642C06 /* [CP] Copy Pods Resources */ = {
			isa = PBXShellScriptBuildPhase;
			buildActionMask = 2147483647;
			files = (
			);
			inputPaths = (
			);
			name = "[CP] Copy Pods Resources";
			outputPaths = (
			);
			runOnlyForDeploymentPostprocessing = 0;
			shellPath = /bin/sh;
			shellScript = "\"${SRCROOT}/Pods/Target Support Files/Pods-ZLImageTextButton/Pods-ZLImageTextButton-resources.sh\"\n";
			showEnvVarsInLog = 0;
		};
/* End PBXShellScriptBuildPhase section */

/* Begin PBXSourcesBuildPhase section */
		BE3FFFC51FABF9BB00B8D31B /* Sources */ = {
			isa = PBXSourcesBuildPhase;
			buildActionMask = 2147483647;
			files = (
				ADCAA8561FDE2BDB009D0078 /* MASConstraintMaker.m in Sources */,
				BE3F00011FABFE9E00B8D31B /* ZLImageTextButton.m in Sources */,
				BE3FFFD11FABF9BB00B8D31B /* ViewController.m in Sources */,
				ADCAA8551FDE2BDB009D0078 /* MASConstraint.m in Sources */,
				ADCAA85D1FDE2BDB009D0078 /* ViewController+MASAdditions.m in Sources */,
				ADCAA8571FDE2BDB009D0078 /* MASLayoutConstraint.m in Sources */,
				ADCAA85A1FDE2BDB009D0078 /* NSArray+MASAdditions.m in Sources */,
				ADCAA8591FDE2BDB009D0078 /* MASViewConstraint.m in Sources */,
				ADCAA8581FDE2BDB009D0078 /* MASViewAttribute.m in Sources */,
				ADCAA85C1FDE2BDB009D0078 /* View+MASAdditions.m in Sources */,
				BE3FFFDC1FABF9BB00B8D31B /* main.m in Sources */,
				BE3FFFCE1FABF9BB00B8D31B /* AppDelegate.m in Sources */,
				ADCAA8541FDE2BDB009D0078 /* MASCompositeConstraint.m in Sources */,
				ADCAA85B1FDE2BDB009D0078 /* NSLayoutConstraint+MASDebugAdditions.m in Sources */,
			);
			runOnlyForDeploymentPostprocessing = 0;
		};
		BE3FFFDD1FABF9BB00B8D31B /* Sources */ = {
			isa = PBXSourcesBuildPhase;
			buildActionMask = 2147483647;
			files = (
				BE3FFFE61FABF9BB00B8D31B /* ZLImageTextButtonTests.m in Sources */,
			);
			runOnlyForDeploymentPostprocessing = 0;
		};
		BE3FFFE81FABF9BB00B8D31B /* Sources */ = {
			isa = PBXSourcesBuildPhase;
			buildActionMask = 2147483647;
			files = (
				BE3FFFF11FABF9BB00B8D31B /* ZLImageTextButtonUITests.m in Sources */,
			);
			runOnlyForDeploymentPostprocessing = 0;
		};
/* End PBXSourcesBuildPhase section */

/* Begin PBXTargetDependency section */
		BE3FFFE31FABF9BB00B8D31B /* PBXTargetDependency */ = {
			isa = PBXTargetDependency;
			target = BE3FFFC81FABF9BB00B8D31B /* ZLImageTextButton */;
			targetProxy = BE3FFFE21FABF9BB00B8D31B /* PBXContainerItemProxy */;
		};
		BE3FFFEE1FABF9BB00B8D31B /* PBXTargetDependency */ = {
			isa = PBXTargetDependency;
			target = BE3FFFC81FABF9BB00B8D31B /* ZLImageTextButton */;
			targetProxy = BE3FFFED1FABF9BB00B8D31B /* PBXContainerItemProxy */;
		};
/* End PBXTargetDependency section */

/* Begin PBXVariantGroup section */
		BE3FFFD21FABF9BB00B8D31B /* Main.storyboard */ = {
			isa = PBXVariantGroup;
			children = (
				BE3FFFD31FABF9BB00B8D31B /* Base */,
			);
			name = Main.storyboard;
			sourceTree = "<group>";
		};
		BE3FFFD71FABF9BB00B8D31B /* LaunchScreen.storyboard */ = {
			isa = PBXVariantGroup;
			children = (
				BE3FFFD81FABF9BB00B8D31B /* Base */,
			);
			name = LaunchScreen.storyboard;
			sourceTree = "<group>";
		};
/* End PBXVariantGroup section */

/* Begin XCBuildConfiguration section */
		BE3FFFF31FABF9BB00B8D31B /* Debug */ = {
			isa = XCBuildConfiguration;
			buildSettings = {
				ALWAYS_SEARCH_USER_PATHS = NO;
				CLANG_ANALYZER_NONNULL = YES;
				CLANG_ANALYZER_NUMBER_OBJECT_CONVERSION = YES_AGGRESSIVE;
				CLANG_CXX_LANGUAGE_STANDARD = "gnu++14";
				CLANG_CXX_LIBRARY = "libc++";
				CLANG_ENABLE_MODULES = YES;
				CLANG_ENABLE_OBJC_ARC = YES;
				CLANG_WARN_BLOCK_CAPTURE_AUTORELEASING = YES;
				CLANG_WARN_BOOL_CONVERSION = YES;
				CLANG_WARN_COMMA = YES;
				CLANG_WARN_CONSTANT_CONVERSION = YES;
				CLANG_WARN_DIRECT_OBJC_ISA_USAGE = YES_ERROR;
				CLANG_WARN_DOCUMENTATION_COMMENTS = YES;
				CLANG_WARN_EMPTY_BODY = YES;
				CLANG_WARN_ENUM_CONVERSION = YES;
				CLANG_WARN_INFINITE_RECURSION = YES;
				CLANG_WARN_INT_CONVERSION = YES;
				CLANG_WARN_NON_LITERAL_NULL_CONVERSION = YES;
				CLANG_WARN_OBJC_LITERAL_CONVERSION = YES;
				CLANG_WARN_OBJC_ROOT_CLASS = YES_ERROR;
				CLANG_WARN_RANGE_LOOP_ANALYSIS = YES;
				CLANG_WARN_STRICT_PROTOTYPES = YES;
				CLANG_WARN_SUSPICIOUS_MOVE = YES;
				CLANG_WARN_UNGUARDED_AVAILABILITY = YES_AGGRESSIVE;
				CLANG_WARN_UNREACHABLE_CODE = YES;
				CLANG_WARN__DUPLICATE_METHOD_MATCH = YES;
				CODE_SIGN_IDENTITY = "iPhone Developer";
				COPY_PHASE_STRIP = NO;
				DEBUG_INFORMATION_FORMAT = dwarf;
				ENABLE_STRICT_OBJC_MSGSEND = YES;
				ENABLE_TESTABILITY = YES;
				GCC_C_LANGUAGE_STANDARD = gnu11;
				GCC_DYNAMIC_NO_PIC = NO;
				GCC_NO_COMMON_BLOCKS = YES;
				GCC_OPTIMIZATION_LEVEL = 0;
				GCC_PREPROCESSOR_DEFINITIONS = (
					"DEBUG=1",
					"$(inherited)",
				);
				GCC_WARN_64_TO_32_BIT_CONVERSION = YES;
				GCC_WARN_ABOUT_RETURN_TYPE = YES_ERROR;
				GCC_WARN_UNDECLARED_SELECTOR = YES;
				GCC_WARN_UNINITIALIZED_AUTOS = YES_AGGRESSIVE;
				GCC_WARN_UNUSED_FUNCTION = YES;
				GCC_WARN_UNUSED_VARIABLE = YES;
				IPHONEOS_DEPLOYMENT_TARGET = 11.1;
				MTL_ENABLE_DEBUG_INFO = YES;
				ONLY_ACTIVE_ARCH = YES;
				SDKROOT = iphoneos;
			};
			name = Debug;
		};
		BE3FFFF41FABF9BB00B8D31B /* Release */ = {
			isa = XCBuildConfiguration;
			buildSettings = {
				ALWAYS_SEARCH_USER_PATHS = NO;
				CLANG_ANALYZER_NONNULL = YES;
				CLANG_ANALYZER_NUMBER_OBJECT_CONVERSION = YES_AGGRESSIVE;
				CLANG_CXX_LANGUAGE_STANDARD = "gnu++14";
				CLANG_CXX_LIBRARY = "libc++";
				CLANG_ENABLE_MODULES = YES;
				CLANG_ENABLE_OBJC_ARC = YES;
				CLANG_WARN_BLOCK_CAPTURE_AUTORELEASING = YES;
				CLANG_WARN_BOOL_CONVERSION = YES;
				CLANG_WARN_COMMA = YES;
				CLANG_WARN_CONSTANT_CONVERSION = YES;
				CLANG_WARN_DIRECT_OBJC_ISA_USAGE = YES_ERROR;
				CLANG_WARN_DOCUMENTATION_COMMENTS = YES;
				CLANG_WARN_EMPTY_BODY = YES;
				CLANG_WARN_ENUM_CONVERSION = YES;
				CLANG_WARN_INFINITE_RECURSION = YES;
				CLANG_WARN_INT_CONVERSION = YES;
				CLANG_WARN_NON_LITERAL_NULL_CONVERSION = YES;
				CLANG_WARN_OBJC_LITERAL_CONVERSION = YES;
				CLANG_WARN_OBJC_ROOT_CLASS = YES_ERROR;
				CLANG_WARN_RANGE_LOOP_ANALYSIS = YES;
				CLANG_WARN_STRICT_PROTOTYPES = YES;
				CLANG_WARN_SUSPICIOUS_MOVE = YES;
				CLANG_WARN_UNGUARDED_AVAILABILITY = YES_AGGRESSIVE;
				CLANG_WARN_UNREACHABLE_CODE = YES;
				CLANG_WARN__DUPLICATE_METHOD_MATCH = YES;
				CODE_SIGN_IDENTITY = "iPhone Developer";
				COPY_PHASE_STRIP = NO;
				DEBUG_INFORMATION_FORMAT = "dwarf-with-dsym";
				ENABLE_NS_ASSERTIONS = NO;
				ENABLE_STRICT_OBJC_MSGSEND = YES;
				GCC_C_LANGUAGE_STANDARD = gnu11;
				GCC_NO_COMMON_BLOCKS = YES;
				GCC_WARN_64_TO_32_BIT_CONVERSION = YES;
				GCC_WARN_ABOUT_RETURN_TYPE = YES_ERROR;
				GCC_WARN_UNDECLARED_SELECTOR = YES;
				GCC_WARN_UNINITIALIZED_AUTOS = YES_AGGRESSIVE;
				GCC_WARN_UNUSED_FUNCTION = YES;
				GCC_WARN_UNUSED_VARIABLE = YES;
				IPHONEOS_DEPLOYMENT_TARGET = 11.1;
				MTL_ENABLE_DEBUG_INFO = NO;
				SDKROOT = iphoneos;
				VALIDATE_PRODUCT = YES;
			};
			name = Release;
		};
		BE3FFFF61FABF9BB00B8D31B /* Debug */ = {
			isa = XCBuildConfiguration;
			baseConfigurationReference = 9D84A555A293A87E64AE6202 /* Pods-ZLImageTextButton.debug.xcconfig */;
			buildSettings = {
				ASSETCATALOG_COMPILER_APPICON_NAME = AppIcon;
				CODE_SIGN_STYLE = Automatic;
				DEVELOPMENT_TEAM = 5A5FZC73C2;
				INFOPLIST_FILE = ZLImageTextButton/Info.plist;
				IPHONEOS_DEPLOYMENT_TARGET = 9.0;
				LD_RUNPATH_SEARCH_PATHS = "$(inherited) @executable_path/Frameworks";
				PRODUCT_BUNDLE_IDENTIFIER = com.test.ZLImageTextButton;
				PRODUCT_NAME = "$(TARGET_NAME)";
				TARGETED_DEVICE_FAMILY = 1;
			};
			name = Debug;
		};
		BE3FFFF71FABF9BB00B8D31B /* Release */ = {
			isa = XCBuildConfiguration;
			baseConfigurationReference = EC733592AD6D593A37A554E0 /* Pods-ZLImageTextButton.release.xcconfig */;
			buildSettings = {
				ASSETCATALOG_COMPILER_APPICON_NAME = AppIcon;
				CODE_SIGN_STYLE = Automatic;
				DEVELOPMENT_TEAM = 5A5FZC73C2;
				INFOPLIST_FILE = ZLImageTextButton/Info.plist;
				IPHONEOS_DEPLOYMENT_TARGET = 9.0;
				LD_RUNPATH_SEARCH_PATHS = "$(inherited) @executable_path/Frameworks";
				PRODUCT_BUNDLE_IDENTIFIER = com.test.ZLImageTextButton;
				PRODUCT_NAME = "$(TARGET_NAME)";
				TARGETED_DEVICE_FAMILY = 1;
			};
			name = Release;
		};
		BE3FFFF91FABF9BB00B8D31B /* Debug */ = {
			isa = XCBuildConfiguration;
			buildSettings = {
				BUNDLE_LOADER = "$(TEST_HOST)";
				CODE_SIGN_STYLE = Automatic;
				INFOPLIST_FILE = ZLImageTextButtonTests/Info.plist;
				LD_RUNPATH_SEARCH_PATHS = "$(inherited) @executable_path/Frameworks @loader_path/Frameworks";
				PRODUCT_BUNDLE_IDENTIFIER = com.qipai.ZLImageTextButtonTests;
				PRODUCT_NAME = "$(TARGET_NAME)";
				TARGETED_DEVICE_FAMILY = "1,2";
				TEST_HOST = "$(BUILT_PRODUCTS_DIR)/ZLImageTextButton.app/ZLImageTextButton";
			};
			name = Debug;
		};
		BE3FFFFA1FABF9BB00B8D31B /* Release */ = {
			isa = XCBuildConfiguration;
			buildSettings = {
				BUNDLE_LOADER = "$(TEST_HOST)";
				CODE_SIGN_STYLE = Automatic;
				INFOPLIST_FILE = ZLImageTextButtonTests/Info.plist;
				LD_RUNPATH_SEARCH_PATHS = "$(inherited) @executable_path/Frameworks @loader_path/Frameworks";
				PRODUCT_BUNDLE_IDENTIFIER = com.qipai.ZLImageTextButtonTests;
				PRODUCT_NAME = "$(TARGET_NAME)";
				TARGETED_DEVICE_FAMILY = "1,2";
				TEST_HOST = "$(BUILT_PRODUCTS_DIR)/ZLImageTextButton.app/ZLImageTextButton";
			};
			name = Release;
		};
		BE3FFFFC1FABF9BB00B8D31B /* Debug */ = {
			isa = XCBuildConfiguration;
			buildSettings = {
				CODE_SIGN_STYLE = Automatic;
				INFOPLIST_FILE = ZLImageTextButtonUITests/Info.plist;
				LD_RUNPATH_SEARCH_PATHS = "$(inherited) @executable_path/Frameworks @loader_path/Frameworks";
				PRODUCT_BUNDLE_IDENTIFIER = com.qipai.ZLImageTextButtonUITests;
				PRODUCT_NAME = "$(TARGET_NAME)";
				TARGETED_DEVICE_FAMILY = "1,2";
				TEST_TARGET_NAME = ZLImageTextButton;
			};
			name = Debug;
		};
		BE3FFFFD1FABF9BB00B8D31B /* Release */ = {
			isa = XCBuildConfiguration;
			buildSettings = {
				CODE_SIGN_STYLE = Automatic;
				INFOPLIST_FILE = ZLImageTextButtonUITests/Info.plist;
				LD_RUNPATH_SEARCH_PATHS = "$(inherited) @executable_path/Frameworks @loader_path/Frameworks";
				PRODUCT_BUNDLE_IDENTIFIER = com.qipai.ZLImageTextButtonUITests;
				PRODUCT_NAME = "$(TARGET_NAME)";
				TARGETED_DEVICE_FAMILY = "1,2";
				TEST_TARGET_NAME = ZLImageTextButton;
			};
			name = Release;
		};
/* End XCBuildConfiguration section */

/* Begin XCConfigurationList section */
		BE3FFFC41FABF9BB00B8D31B /* Build configuration list for PBXProject "ZLImageTextButton" */ = {
			isa = XCConfigurationList;
			buildConfigurations = (
				BE3FFFF31FABF9BB00B8D31B /* Debug */,
				BE3FFFF41FABF9BB00B8D31B /* Release */,
			);
			defaultConfigurationIsVisible = 0;
			defaultConfigurationName = Release;
		};
		BE3FFFF51FABF9BB00B8D31B /* Build configuration list for PBXNativeTarget "ZLImageTextButton" */ = {
			isa = XCConfigurationList;
			buildConfigurations = (
				BE3FFFF61FABF9BB00B8D31B /* Debug */,
				BE3FFFF71FABF9BB00B8D31B /* Release */,
			);
			defaultConfigurationIsVisible = 0;
			defaultConfigurationName = Release;
		};
		BE3FFFF81FABF9BB00B8D31B /* Build configuration list for PBXNativeTarget "ZLImageTextButtonTests" */ = {
			isa = XCConfigurationList;
			buildConfigurations = (
				BE3FFFF91FABF9BB00B8D31B /* Debug */,
				BE3FFFFA1FABF9BB00B8D31B /* Release */,
			);
			defaultConfigurationIsVisible = 0;
			defaultConfigurationName = Release;
		};
		BE3FFFFB1FABF9BB00B8D31B /* Build configuration list for PBXNativeTarget "ZLImageTextButtonUITests" */ = {
			isa = XCConfigurationList;
			buildConfigurations = (
				BE3FFFFC1FABF9BB00B8D31B /* Debug */,
				BE3FFFFD1FABF9BB00B8D31B /* Release */,
			);
			defaultConfigurationIsVisible = 0;
			defaultConfigurationName = Release;
		};
/* End XCConfigurationList section */
	};
	rootObject = BE3FFFC11FABF9BB00B8D31B /* Project object */;
}
