// !$*UTF8*$!
{
	archiveVersion = 1;
	classes = {
	};
	objectVersion = 48;
	objects = {

/* Begin PBXBuildFile section */
		AD41F2D11FDFCDED00D7731B /* AppDelegate.m in Sources */ = {isa = PBXBuildFile; fileRef = AD41F2D01FDFCDED00D7731B /* AppDelegate.m */; };
		AD41F2D41FDFCDED00D7731B /* ViewController.m in Sources */ = {isa = PBXBuildFile; fileRef = AD41F2D31FDFCDED00D7731B /* ViewController.m */; };
		AD41F2D91FDFCDED00D7731B /* Assets.xcassets in Resources */ = {isa = PBXBuildFile; fileRef = AD41F2D81FDFCDED00D7731B /* Assets.xcassets */; };
		AD41F2DC1FDFCDED00D7731B /* LaunchScreen.storyboard in Resources */ = {isa = PBXBuildFile; fileRef = AD41F2DA1FDFCDED00D7731B /* LaunchScreen.storyboard */; };
		AD41F2DF1FDFCDED00D7731B /* main.m in Sources */ = {isa = PBXBuildFile; fileRef = AD41F2DE1FDFCDED00D7731B /* main.m */; };
		AD41F2E91FDFCDED00D7731B /* ZLImageTextButtonTests.m in Sources */ = {isa = PBXBuildFile; fileRef = AD41F2E81FDFCDED00D7731B /* ZLImageTextButtonTests.m */; };
		AD41F2F41FDFCDED00D7731B /* ZLImageTextButtonUITests.m in Sources */ = {isa = PBXBuildFile; fileRef = AD41F2F31FDFCDED00D7731B /* ZLImageTextButtonUITests.m */; };
		AD41F3211FDFCE4500D7731B /* LICENSE in Resources */ = {isa = PBXBuildFile; fileRef = AD41F3021FDFCE4500D7731B /* LICENSE */; };
		AD41F3221FDFCE4500D7731B /* MASCompositeConstraint.m in Sources */ = {isa = PBXBuildFile; fileRef = AD41F3051FDFCE4500D7731B /* MASCompositeConstraint.m */; };
		AD41F3231FDFCE4500D7731B /* MASConstraint.m in Sources */ = {isa = PBXBuildFile; fileRef = AD41F3081FDFCE4500D7731B /* MASConstraint.m */; };
		AD41F3241FDFCE4500D7731B /* MASConstraintMaker.m in Sources */ = {isa = PBXBuildFile; fileRef = AD41F30A1FDFCE4500D7731B /* MASConstraintMaker.m */; };
		AD41F3251FDFCE4500D7731B /* MASLayoutConstraint.m in Sources */ = {isa = PBXBuildFile; fileRef = AD41F30C1FDFCE4500D7731B /* MASLayoutConstraint.m */; };
		AD41F3261FDFCE4500D7731B /* MASViewAttribute.m in Sources */ = {isa = PBXBuildFile; fileRef = AD41F3101FDFCE4500D7731B /* MASViewAttribute.m */; };
		AD41F3271FDFCE4500D7731B /* MASViewConstraint.m in Sources */ = {isa = PBXBuildFile; fileRef = AD41F3121FDFCE4500D7731B /* MASViewConstraint.m */; };
		AD41F3281FDFCE4500D7731B /* NSArray+MASAdditions.m in Sources */ = {isa = PBXBuildFile; fileRef = AD41F3141FDFCE4500D7731B /* NSArray+MASAdditions.m */; };
		AD41F3291FDFCE4500D7731B /* NSLayoutConstraint+MASDebugAdditions.m in Sources */ = {isa = PBXBuildFile; fileRef = AD41F3171FDFCE4500D7731B /* NSLayoutConstraint+MASDebugAdditions.m */; };
		AD41F32A1FDFCE4500D7731B /* View+MASAdditions.m in Sources */ = {isa = PBXBuildFile; fileRef = AD41F3191FDFCE4500D7731B /* View+MASAdditions.m */; };
		AD41F32B1FDFCE4500D7731B /* ViewController+MASAdditions.m in Sources */ = {isa = PBXBuildFile; fileRef = AD41F31C1FDFCE4500D7731B /* ViewController+MASAdditions.m */; };
		AD41F32C1FDFCE4500D7731B /* README.md in Resources */ = {isa = PBXBuildFile; fileRef = AD41F31D1FDFCE4500D7731B /* README.md */; };
		AD41F32D1FDFCE4500D7731B /* ZLImageTextButton.m in Sources */ = {isa = PBXBuildFile; fileRef = AD41F3201FDFCE4500D7731B /* ZLImageTextButton.m */; };
		AD41F32F1FDFCE7900D7731B /* Main.storyboard in Resources */ = {isa = PBXBuildFile; fileRef = AD41F32E1FDFCE7900D7731B /* Main.storyboard */; };
/* End PBXBuildFile section */

/* Begin PBXContainerItemProxy section */
		AD41F2E51FDFCDED00D7731B /* PBXContainerItemProxy */ = {
			isa = PBXContainerItemProxy;
			containerPortal = AD41F2C41FDFCDED00D7731B /* Project object */;
			proxyType = 1;
			remoteGlobalIDString = AD41F2CB1FDFCDED00D7731B;
			remoteInfo = ZLImageTextButton;
		};
		AD41F2F01FDFCDED00D7731B /* PBXContainerItemProxy */ = {
			isa = PBXContainerItemProxy;
			containerPortal = AD41F2C41FDFCDED00D7731B /* Project object */;
			proxyType = 1;
			remoteGlobalIDString = AD41F2CB1FDFCDED00D7731B;
			remoteInfo = ZLImageTextButton;
		};
/* End PBXContainerItemProxy section */

/* Begin PBXFileReference section */
		AD41F2CC1FDFCDED00D7731B /* ZLImageTextButton.app */ = {isa = PBXFileReference; explicitFileType = wrapper.application; includeInIndex = 0; path = ZLImageTextButton.app; sourceTree = BUILT_PRODUCTS_DIR; };
		AD41F2CF1FDFCDED00D7731B /* AppDelegate.h */ = {isa = PBXFileReference; lastKnownFileType = sourcecode.c.h; path = AppDelegate.h; sourceTree = "<group>"; };
		AD41F2D01FDFCDED00D7731B /* AppDelegate.m */ = {isa = PBXFileReference; lastKnownFileType = sourcecode.c.objc; path = AppDelegate.m; sourceTree = "<group>"; };
		AD41F2D21FDFCDED00D7731B /* ViewController.h */ = {isa = PBXFileReference; lastKnownFileType = sourcecode.c.h; path = ViewController.h; sourceTree = "<group>"; };
		AD41F2D31FDFCDED00D7731B /* ViewController.m */ = {isa = PBXFileReference; lastKnownFileType = sourcecode.c.objc; path = ViewController.m; sourceTree = "<group>"; };
		AD41F2D81FDFCDED00D7731B /* Assets.xcassets */ = {isa = PBXFileReference; lastKnownFileType = folder.assetcatalog; path = Assets.xcassets; sourceTree = "<group>"; };
		AD41F2DB1FDFCDED00D7731B /* Base */ = {isa = PBXFileReference; lastKnownFileType = file.storyboard; name = Base; path = Base.lproj/LaunchScreen.storyboard; sourceTree = "<group>"; };
		AD41F2DD1FDFCDED00D7731B /* Info.plist */ = {isa = PBXFileReference; lastKnownFileType = text.plist.xml; path = Info.plist; sourceTree = "<group>"; };
		AD41F2DE1FDFCDED00D7731B /* main.m */ = {isa = PBXFileReference; lastKnownFileType = sourcecode.c.objc; path = main.m; sourceTree = "<group>"; };
		AD41F2E41FDFCDED00D7731B /* ZLImageTextButtonTests.xctest */ = {isa = PBXFileReference; explicitFileType = wrapper.cfbundle; includeInIndex = 0; path = ZLImageTextButtonTests.xctest; sourceTree = BUILT_PRODUCTS_DIR; };
		AD41F2E81FDFCDED00D7731B /* ZLImageTextButtonTests.m */ = {isa = PBXFileReference; lastKnownFileType = sourcecode.c.objc; path = ZLImageTextButtonTests.m; sourceTree = "<group>"; };
		AD41F2EA1FDFCDED00D7731B /* Info.plist */ = {isa = PBXFileReference; lastKnownFileType = text.plist.xml; path = Info.plist; sourceTree = "<group>"; };
		AD41F2EF1FDFCDED00D7731B /* ZLImageTextButtonUITests.xctest */ = {isa = PBXFileReference; explicitFileType = wrapper.cfbundle; includeInIndex = 0; path = ZLImageTextButtonUITests.xctest; sourceTree = BUILT_PRODUCTS_DIR; };
		AD41F2F31FDFCDED00D7731B /* ZLImageTextButtonUITests.m */ = {isa = PBXFileReference; lastKnownFileType = sourcecode.c.objc; path = ZLImageTextButtonUITests.m; sourceTree = "<group>"; };
		AD41F2F51FDFCDED00D7731B /* Info.plist */ = {isa = PBXFileReference; lastKnownFileType = text.plist.xml; path = Info.plist; sourceTree = "<group>"; };
		AD41F3021FDFCE4500D7731B /* LICENSE */ = {isa = PBXFileReference; fileEncoding = 4; lastKnownFileType = text; path = LICENSE; sourceTree = "<group>"; };
		AD41F3041FDFCE4500D7731B /* MASCompositeConstraint.h */ = {isa = PBXFileReference; fileEncoding = 4; lastKnownFileType = sourcecode.c.h; path = MASCompositeConstraint.h; sourceTree = "<group>"; };
		AD41F3051FDFCE4500D7731B /* MASCompositeConstraint.m */ = {isa = PBXFileReference; fileEncoding = 4; lastKnownFileType = sourcecode.c.objc; path = MASCompositeConstraint.m; sourceTree = "<group>"; };
		AD41F3061FDFCE4500D7731B /* MASConstraint+Private.h */ = {isa = PBXFileReference; fileEncoding = 4; lastKnownFileType = sourcecode.c.h; path = "MASConstraint+Private.h"; sourceTree = "<group>"; };
		AD41F3071FDFCE4500D7731B /* MASConstraint.h */ = {isa = PBXFileReference; fileEncoding = 4; lastKnownFileType = sourcecode.c.h; path = MASConstraint.h; sourceTree = "<group>"; };
		AD41F3081FDFCE4500D7731B /* MASConstraint.m */ = {isa = PBXFileReference; fileEncoding = 4; lastKnownFileType = sourcecode.c.objc; path = MASConstraint.m; sourceTree = "<group>"; };
		AD41F3091FDFCE4500D7731B /* MASConstraintMaker.h */ = {isa = PBXFileReference; fileEncoding = 4; lastKnownFileType = sourcecode.c.h; path = MASConstraintMaker.h; sourceTree = "<group>"; };
		AD41F30A1FDFCE4500D7731B /* MASConstraintMaker.m */ = {isa = PBXFileReference; fileEncoding = 4; lastKnownFileType = sourcecode.c.objc; path = MASConstraintMaker.m; sourceTree = "<group>"; };
		AD41F30B1FDFCE4500D7731B /* MASLayoutConstraint.h */ = {isa = PBXFileReference; fileEncoding = 4; lastKnownFileType = sourcecode.c.h; path = MASLayoutConstraint.h; sourceTree = "<group>"; };
		AD41F30C1FDFCE4500D7731B /* MASLayoutConstraint.m */ = {isa = PBXFileReference; fileEncoding = 4; lastKnownFileType = sourcecode.c.objc; path = MASLayoutConstraint.m; sourceTree = "<group>"; };
		AD41F30D1FDFCE4500D7731B /* Masonry.h */ = {isa = PBXFileReference; fileEncoding = 4; lastKnownFileType = sourcecode.c.h; path = Masonry.h; sourceTree = "<group>"; };
		AD41F30E1FDFCE4500D7731B /* MASUtilities.h */ = {isa = PBXFileReference; fileEncoding = 4; lastKnownFileType = sourcecode.c.h; path = MASUtilities.h; sourceTree = "<group>"; };
		AD41F30F1FDFCE4500D7731B /* MASViewAttribute.h */ = {isa = PBXFileReference; fileEncoding = 4; lastKnownFileType = sourcecode.c.h; path = MASViewAttribute.h; sourceTree = "<group>"; };
		AD41F3101FDFCE4500D7731B /* MASViewAttribute.m */ = {isa = PBXFileReference; fileEncoding = 4; lastKnownFileType = sourcecode.c.objc; path = MASViewAttribute.m; sourceTree = "<group>"; };
		AD41F3111FDFCE4500D7731B /* MASViewConstraint.h */ = {isa = PBXFileReference; fileEncoding = 4; lastKnownFileType = sourcecode.c.h; path = MASViewConstraint.h; sourceTree = "<group>"; };
		AD41F3121FDFCE4500D7731B /* MASViewConstraint.m */ = {isa = PBXFileReference; fileEncoding = 4; lastKnownFileType = sourcecode.c.objc; path = MASViewConstraint.m; sourceTree = "<group>"; };
		AD41F3131FDFCE4500D7731B /* NSArray+MASAdditions.h */ = {isa = PBXFileReference; fileEncoding = 4; lastKnownFileType = sourcecode.c.h; path = "NSArray+MASAdditions.h"; sourceTree = "<group>"; };
		AD41F3141FDFCE4500D7731B /* NSArray+MASAdditions.m */ = {isa = PBXFileReference; fileEncoding = 4; lastKnownFileType = sourcecode.c.objc; path = "NSArray+MASAdditions.m"; sourceTree = "<group>"; };
		AD41F3151FDFCE4500D7731B /* NSArray+MASShorthandAdditions.h */ = {isa = PBXFileReference; fileEncoding = 4; lastKnownFileType = sourcecode.c.h; path = "NSArray+MASShorthandAdditions.h"; sourceTree = "<group>"; };
		AD41F3161FDFCE4500D7731B /* NSLayoutConstraint+MASDebugAdditions.h */ = {isa = PBXFileReference; fileEncoding = 4; lastKnownFileType = sourcecode.c.h; path = "NSLayoutConstraint+MASDebugAdditions.h"; sourceTree = "<group>"; };
		AD41F3171FDFCE4500D7731B /* NSLayoutConstraint+MASDebugAdditions.m */ = {isa = PBXFileReference; fileEncoding = 4; lastKnownFileType = sourcecode.c.objc; path = "NSLayoutConstraint+MASDebugAdditions.m"; sourceTree = "<group>"; };
		AD41F3181FDFCE4500D7731B /* View+MASAdditions.h */ = {isa = PBXFileReference; fileEncoding = 4; lastKnownFileType = sourcecode.c.h; path = "View+MASAdditions.h"; sourceTree = "<group>"; };
		AD41F3191FDFCE4500D7731B /* View+MASAdditions.m */ = {isa = PBXFileReference; fileEncoding = 4; lastKnownFileType = sourcecode.c.objc; path = "View+MASAdditions.m"; sourceTree = "<group>"; };
		AD41F31A1FDFCE4500D7731B /* View+MASShorthandAdditions.h */ = {isa = PBXFileReference; fileEncoding = 4; lastKnownFileType = sourcecode.c.h; path = "View+MASShorthandAdditions.h"; sourceTree = "<group>"; };
		AD41F31B1FDFCE4500D7731B /* ViewController+MASAdditions.h */ = {isa = PBXFileReference; fileEncoding = 4; lastKnownFileType = sourcecode.c.h; path = "ViewController+MASAdditions.h"; sourceTree = "<group>"; };
		AD41F31C1FDFCE4500D7731B /* ViewController+MASAdditions.m */ = {isa = PBXFileReference; fileEncoding = 4; lastKnownFileType = sourcecode.c.objc; path = "ViewController+MASAdditions.m"; sourceTree = "<group>"; };
		AD41F31D1FDFCE4500D7731B /* README.md */ = {isa = PBXFileReference; fileEncoding = 4; lastKnownFileType = net.daringfireball.markdown; path = README.md; sourceTree = "<group>"; };
		AD41F31F1FDFCE4500D7731B /* ZLImageTextButton.h */ = {isa = PBXFileReference; fileEncoding = 4; lastKnownFileType = sourcecode.c.h; path = ZLImageTextButton.h; sourceTree = "<group>"; };
		AD41F3201FDFCE4500D7731B /* ZLImageTextButton.m */ = {isa = PBXFileReference; fileEncoding = 4; lastKnownFileType = sourcecode.c.objc; path = ZLImageTextButton.m; sourceTree = "<group>"; };
		AD41F32E1FDFCE7900D7731B /* Main.storyboard */ = {isa = PBXFileReference; fileEncoding = 4; lastKnownFileType = file.storyboard; path = Main.storyboard; sourceTree = "<group>"; };
/* End PBXFileReference section */

/* Begin PBXFrameworksBuildPhase section */
		AD41F2C91FDFCDED00D7731B /* Frameworks */ = {
			isa = PBXFrameworksBuildPhase;
			buildActionMask = 2147483647;
			files = (
			);
			runOnlyForDeploymentPostprocessing = 0;
		};
		AD41F2E11FDFCDED00D7731B /* Frameworks */ = {
			isa = PBXFrameworksBuildPhase;
			buildActionMask = 2147483647;
			files = (
			);
			runOnlyForDeploymentPostprocessing = 0;
		};
		AD41F2EC1FDFCDED00D7731B /* Frameworks */ = {
			isa = PBXFrameworksBuildPhase;
			buildActionMask = 2147483647;
			files = (
			);
			runOnlyForDeploymentPostprocessing = 0;
		};
/* End PBXFrameworksBuildPhase section */

/* Begin PBXGroup section */
		AD41F2C31FDFCDED00D7731B = {
			isa = PBXGroup;
			children = (
				AD41F2CE1FDFCDED00D7731B /* ZLImageTextButton */,
				AD41F2E71FDFCDED00D7731B /* ZLImageTextButtonTests */,
				AD41F2F21FDFCDED00D7731B /* ZLImageTextButtonUITests */,
				AD41F2CD1FDFCDED00D7731B /* Products */,
			);
			sourceTree = "<group>";
		};
		AD41F2CD1FDFCDED00D7731B /* Products */ = {
			isa = PBXGroup;
			children = (
				AD41F2CC1FDFCDED00D7731B /* ZLImageTextButton.app */,
				AD41F2E41FDFCDED00D7731B /* ZLImageTextButtonTests.xctest */,
				AD41F2EF1FDFCDED00D7731B /* ZLImageTextButtonUITests.xctest */,
			);
			name = Products;
			sourceTree = "<group>";
		};
		AD41F2CE1FDFCDED00D7731B /* ZLImageTextButton */ = {
			isa = PBXGroup;
			children = (
				AD41F3011FDFCE4500D7731B /* Masonry */,
				AD41F31E1FDFCE4500D7731B /* ZLImageTextButton */,
				AD41F2CF1FDFCDED00D7731B /* AppDelegate.h */,
				AD41F2D01FDFCDED00D7731B /* AppDelegate.m */,
				AD41F2D21FDFCDED00D7731B /* ViewController.h */,
				AD41F2D31FDFCDED00D7731B /* ViewController.m */,
				AD41F32E1FDFCE7900D7731B /* Main.storyboard */,
				AD41F2D81FDFCDED00D7731B /* Assets.xcassets */,
				AD41F2DA1FDFCDED00D7731B /* LaunchScreen.storyboard */,
				AD41F2DD1FDFCDED00D7731B /* Info.plist */,
				AD41F2DE1FDFCDED00D7731B /* main.m */,
			);
			path = ZLImageTextButton;
			sourceTree = "<group>";
		};
		AD41F2E71FDFCDED00D7731B /* ZLImageTextButtonTests */ = {
			isa = PBXGroup;
			children = (
				AD41F2E81FDFCDED00D7731B /* ZLImageTextButtonTests.m */,
				AD41F2EA1FDFCDED00D7731B /* Info.plist */,
			);
			path = ZLImageTextButtonTests;
			sourceTree = "<group>";
		};
		AD41F2F21FDFCDED00D7731B /* ZLImageTextButtonUITests */ = {
			isa = PBXGroup;
			children = (
				AD41F2F31FDFCDED00D7731B /* ZLImageTextButtonUITests.m */,
				AD41F2F51FDFCDED00D7731B /* Info.plist */,
			);
			path = ZLImageTextButtonUITests;
			sourceTree = "<group>";
		};
		AD41F3011FDFCE4500D7731B /* Masonry */ = {
			isa = PBXGroup;
			children = (
				AD41F3021FDFCE4500D7731B /* LICENSE */,
				AD41F3031FDFCE4500D7731B /* Masonry */,
				AD41F31D1FDFCE4500D7731B /* README.md */,
			);
			path = Masonry;
			sourceTree = "<group>";
		};
		AD41F3031FDFCE4500D7731B /* Masonry */ = {
			isa = PBXGroup;
			children = (
				AD41F3041FDFCE4500D7731B /* MASCompositeConstraint.h */,
				AD41F3051FDFCE4500D7731B /* MASCompositeConstraint.m */,
				AD41F3061FDFCE4500D7731B /* MASConstraint+Private.h */,
				AD41F3071FDFCE4500D7731B /* MASConstraint.h */,
				AD41F3081FDFCE4500D7731B /* MASConstraint.m */,
				AD41F3091FDFCE4500D7731B /* MASConstraintMaker.h */,
				AD41F30A1FDFCE4500D7731B /* MASConstraintMaker.m */,
				AD41F30B1FDFCE4500D7731B /* MASLayoutConstraint.h */,
				AD41F30C1FDFCE4500D7731B /* MASLayoutConstraint.m */,
				AD41F30D1FDFCE4500D7731B /* Masonry.h */,
				AD41F30E1FDFCE4500D7731B /* MASUtilities.h */,
				AD41F30F1FDFCE4500D7731B /* MASViewAttribute.h */,
				AD41F3101FDFCE4500D7731B /* MASViewAttribute.m */,
				AD41F3111FDFCE4500D7731B /* MASViewConstraint.h */,
				AD41F3121FDFCE4500D7731B /* MASViewConstraint.m */,
				AD41F3131FDFCE4500D7731B /* NSArray+MASAdditions.h */,
				AD41F3141FDFCE4500D7731B /* NSArray+MASAdditions.m */,
				AD41F3151FDFCE4500D7731B /* NSArray+MASShorthandAdditions.h */,
				AD41F3161FDFCE4500D7731B /* NSLayoutConstraint+MASDebugAdditions.h */,
				AD41F3171FDFCE4500D7731B /* NSLayoutConstraint+MASDebugAdditions.m */,
				AD41F3181FDFCE4500D7731B /* View+MASAdditions.h */,
				AD41F3191FDFCE4500D7731B /* View+MASAdditions.m */,
				AD41F31A1FDFCE4500D7731B /* View+MASShorthandAdditions.h */,
				AD41F31B1FDFCE4500D7731B /* ViewController+MASAdditions.h */,
				AD41F31C1FDFCE4500D7731B /* ViewController+MASAdditions.m */,
			);
			path = Masonry;
			sourceTree = "<group>";
		};
		AD41F31E1FDFCE4500D7731B /* ZLImageTextButton */ = {
			isa = PBXGroup;
			children = (
				AD41F31F1FDFCE4500D7731B /* ZLImageTextButton.h */,
				AD41F3201FDFCE4500D7731B /* ZLImageTextButton.m */,
			);
			path = ZLImageTextButton;
			sourceTree = "<group>";
		};
/* End PBXGroup section */

/* Begin PBXNativeTarget section */
		AD41F2CB1FDFCDED00D7731B /* ZLImageTextButton */ = {
			isa = PBXNativeTarget;
			buildConfigurationList = AD41F2F81FDFCDED00D7731B /* Build configuration list for PBXNativeTarget "ZLImageTextButton" */;
			buildPhases = (
				AD41F2C81FDFCDED00D7731B /* Sources */,
				AD41F2C91FDFCDED00D7731B /* Frameworks */,
				AD41F2CA1FDFCDED00D7731B /* Resources */,
			);
			buildRules = (
			);
			dependencies = (
			);
			name = ZLImageTextButton;
			productName = ZLImageTextButton;
			productReference = AD41F2CC1FDFCDED00D7731B /* ZLImageTextButton.app */;
			productType = "com.apple.product-type.application";
		};
		AD41F2E31FDFCDED00D7731B /* ZLImageTextButtonTests */ = {
			isa = PBXNativeTarget;
			buildConfigurationList = AD41F2FB1FDFCDED00D7731B /* Build configuration list for PBXNativeTarget "ZLImageTextButtonTests" */;
			buildPhases = (
				AD41F2E01FDFCDED00D7731B /* Sources */,
				AD41F2E11FDFCDED00D7731B /* Frameworks */,
				AD41F2E21FDFCDED00D7731B /* Resources */,
			);
			buildRules = (
			);
			dependencies = (
				AD41F2E61FDFCDED00D7731B /* PBXTargetDependency */,
			);
			name = ZLImageTextButtonTests;
			productName = ZLImageTextButtonTests;
			productReference = AD41F2E41FDFCDED00D7731B /* ZLImageTextButtonTests.xctest */;
			productType = "com.apple.product-type.bundle.unit-test";
		};
		AD41F2EE1FDFCDED00D7731B /* ZLImageTextButtonUITests */ = {
			isa = PBXNativeTarget;
			buildConfigurationList = AD41F2FE1FDFCDED00D7731B /* Build configuration list for PBXNativeTarget "ZLImageTextButtonUITests" */;
			buildPhases = (
				AD41F2EB1FDFCDED00D7731B /* Sources */,
				AD41F2EC1FDFCDED00D7731B /* Frameworks */,
				AD41F2ED1FDFCDED00D7731B /* Resources */,
			);
			buildRules = (
			);
			dependencies = (
				AD41F2F11FDFCDED00D7731B /* PBXTargetDependency */,
			);
			name = ZLImageTextButtonUITests;
			productName = ZLImageTextButtonUITests;
			productReference = AD41F2EF1FDFCDED00D7731B /* ZLImageTextButtonUITests.xctest */;
			productType = "com.apple.product-type.bundle.ui-testing";
		};
/* End PBXNativeTarget section */

/* Begin PBXProject section */
		AD41F2C41FDFCDED00D7731B /* Project object */ = {
			isa = PBXProject;
			attributes = {
				LastUpgradeCheck = 0920;
				ORGANIZATIONNAME = czl;
				TargetAttributes = {
					AD41F2CB1FDFCDED00D7731B = {
						CreatedOnToolsVersion = 9.2;
						ProvisioningStyle = Automatic;
					};
					AD41F2E31FDFCDED00D7731B = {
						CreatedOnToolsVersion = 9.2;
						ProvisioningStyle = Automatic;
						TestTargetID = AD41F2CB1FDFCDED00D7731B;
					};
					AD41F2EE1FDFCDED00D7731B = {
						CreatedOnToolsVersion = 9.2;
						ProvisioningStyle = Automatic;
						TestTargetID = AD41F2CB1FDFCDED00D7731B;
					};
				};
			};
			buildConfigurationList = AD41F2C71FDFCDED00D7731B /* Build configuration list for PBXProject "ZLImageTextButton" */;
			compatibilityVersion = "Xcode 8.0";
			developmentRegion = en;
			hasScannedForEncodings = 0;
			knownRegions = (
				en,
				Base,
			);
			mainGroup = AD41F2C31FDFCDED00D7731B;
			productRefGroup = AD41F2CD1FDFCDED00D7731B /* Products */;
			projectDirPath = "";
			projectRoot = "";
			targets = (
				AD41F2CB1FDFCDED00D7731B /* ZLImageTextButton */,
				AD41F2E31FDFCDED00D7731B /* ZLImageTextButtonTests */,
				AD41F2EE1FDFCDED00D7731B /* ZLImageTextButtonUITests */,
			);
		};
/* End PBXProject section */

/* Begin PBXResourcesBuildPhase section */
		AD41F2CA1FDFCDED00D7731B /* Resources */ = {
			isa = PBXResourcesBuildPhase;
			buildActionMask = 2147483647;
			files = (
				AD41F2DC1FDFCDED00D7731B /* LaunchScreen.storyboard in Resources */,
				AD41F32F1FDFCE7900D7731B /* Main.storyboard in Resources */,
				AD41F2D91FDFCDED00D7731B /* Assets.xcassets in Resources */,
				AD41F32C1FDFCE4500D7731B /* README.md in Resources */,
				AD41F3211FDFCE4500D7731B /* LICENSE in Resources */,
			);
			runOnlyForDeploymentPostprocessing = 0;
		};
		AD41F2E21FDFCDED00D7731B /* Resources */ = {
			isa = PBXResourcesBuildPhase;
			buildActionMask = 2147483647;
			files = (
			);
			runOnlyForDeploymentPostprocessing = 0;
		};
		AD41F2ED1FDFCDED00D7731B /* Resources */ = {
			isa = PBXResourcesBuildPhase;
			buildActionMask = 2147483647;
			files = (
			);
			runOnlyForDeploymentPostprocessing = 0;
		};
/* End PBXResourcesBuildPhase section */

/* Begin PBXSourcesBuildPhase section */
		AD41F2C81FDFCDED00D7731B /* Sources */ = {
			isa = PBXSourcesBuildPhase;
			buildActionMask = 2147483647;
			files = (
				AD41F3291FDFCE4500D7731B /* NSLayoutConstraint+MASDebugAdditions.m in Sources */,
				AD41F3271FDFCE4500D7731B /* MASViewConstraint.m in Sources */,
				AD41F3221FDFCE4500D7731B /* MASCompositeConstraint.m in Sources */,
				AD41F3281FDFCE4500D7731B /* NSArray+MASAdditions.m in Sources */,
				AD41F32D1FDFCE4500D7731B /* ZLImageTextButton.m in Sources */,
				AD41F2D41FDFCDED00D7731B /* ViewController.m in Sources */,
				AD41F2DF1FDFCDED00D7731B /* main.m in Sources */,
				AD41F3251FDFCE4500D7731B /* MASLayoutConstraint.m in Sources */,
				AD41F2D11FDFCDED00D7731B /* AppDelegate.m in Sources */,
				AD41F32B1FDFCE4500D7731B /* ViewController+MASAdditions.m in Sources */,
				AD41F32A1FDFCE4500D7731B /* View+MASAdditions.m in Sources */,
				AD41F3261FDFCE4500D7731B /* MASViewAttribute.m in Sources */,
				AD41F3231FDFCE4500D7731B /* MASConstraint.m in Sources */,
				AD41F3241FDFCE4500D7731B /* MASConstraintMaker.m in Sources */,
			);
			runOnlyForDeploymentPostprocessing = 0;
		};
		AD41F2E01FDFCDED00D7731B /* Sources */ = {
			isa = PBXSourcesBuildPhase;
			buildActionMask = 2147483647;
			files = (
				AD41F2E91FDFCDED00D7731B /* ZLImageTextButtonTests.m in Sources */,
			);
			runOnlyForDeploymentPostprocessing = 0;
		};
		AD41F2EB1FDFCDED00D7731B /* Sources */ = {
			isa = PBXSourcesBuildPhase;
			buildActionMask = 2147483647;
			files = (
				AD41F2F41FDFCDED00D7731B /* ZLImageTextButtonUITests.m in Sources */,
			);
			runOnlyForDeploymentPostprocessing = 0;
		};
/* End PBXSourcesBuildPhase section */

/* Begin PBXTargetDependency section */
		AD41F2E61FDFCDED00D7731B /* PBXTargetDependency */ = {
			isa = PBXTargetDependency;
			target = AD41F2CB1FDFCDED00D7731B /* ZLImageTextButton */;
			targetProxy = AD41F2E51FDFCDED00D7731B /* PBXContainerItemProxy */;
		};
		AD41F2F11FDFCDED00D7731B /* PBXTargetDependency */ = {
			isa = PBXTargetDependency;
			target = AD41F2CB1FDFCDED00D7731B /* ZLImageTextButton */;
			targetProxy = AD41F2F01FDFCDED00D7731B /* PBXContainerItemProxy */;
		};
/* End PBXTargetDependency section */

/* Begin PBXVariantGroup section */
		AD41F2DA1FDFCDED00D7731B /* LaunchScreen.storyboard */ = {
			isa = PBXVariantGroup;
			children = (
				AD41F2DB1FDFCDED00D7731B /* Base */,
			);
			name = LaunchScreen.storyboard;
			sourceTree = "<group>";
		};
/* End PBXVariantGroup section */

/* Begin XCBuildConfiguration section */
		AD41F2F61FDFCDED00D7731B /* Debug */ = {
			isa = XCBuildConfiguration;
			buildSettings = {
				ALWAYS_SEARCH_USER_PATHS = NO;
				CLANG_ANALYZER_NONNULL = YES;
				CLANG_ANALYZER_NUMBER_OBJECT_CONVERSION = YES_AGGRESSIVE;
				CLANG_CXX_LANGUAGE_STANDARD = "gnu++14";
				CLANG_CXX_LIBRARY = "libc++";
				CLANG_ENABLE_MODULES = YES;
				CLANG_ENABLE_OBJC_ARC = YES;
				CLANG_WARN_BLOCK_CAPTURE_AUTORELEASING = YES;
				CLANG_WARN_BOOL_CONVERSION = YES;
				CLANG_WARN_COMMA = YES;
				CLANG_WARN_CONSTANT_CONVERSION = YES;
				CLANG_WARN_DIRECT_OBJC_ISA_USAGE = YES_ERROR;
				CLANG_WARN_DOCUMENTATION_COMMENTS = YES;
				CLANG_WARN_EMPTY_BODY = YES;
				CLANG_WARN_ENUM_CONVERSION = YES;
				CLANG_WARN_INFINITE_RECURSION = YES;
				CLANG_WARN_INT_CONVERSION = YES;
				CLANG_WARN_NON_LITERAL_NULL_CONVERSION = YES;
				CLANG_WARN_OBJC_LITERAL_CONVERSION = YES;
				CLANG_WARN_OBJC_ROOT_CLASS = YES_ERROR;
				CLANG_WARN_RANGE_LOOP_ANALYSIS = YES;
				CLANG_WARN_STRICT_PROTOTYPES = YES;
				CLANG_WARN_SUSPICIOUS_MOVE = YES;
				CLANG_WARN_UNGUARDED_AVAILABILITY = YES_AGGRESSIVE;
				CLANG_WARN_UNREACHABLE_CODE = YES;
				CLANG_WARN__DUPLICATE_METHOD_MATCH = YES;
				CODE_SIGN_IDENTITY = "iPhone Developer";
				COPY_PHASE_STRIP = NO;
				DEBUG_INFORMATION_FORMAT = dwarf;
				ENABLE_STRICT_OBJC_MSGSEND = YES;
				ENABLE_TESTABILITY = YES;
				GCC_C_LANGUAGE_STANDARD = gnu11;
				GCC_DYNAMIC_NO_PIC = NO;
				GCC_NO_COMMON_BLOCKS = YES;
				GCC_OPTIMIZATION_LEVEL = 0;
				GCC_PREPROCESSOR_DEFINITIONS = (
					"DEBUG=1",
					"$(inherited)",
				);
				GCC_WARN_64_TO_32_BIT_CONVERSION = YES;
				GCC_WARN_ABOUT_RETURN_TYPE = YES_ERROR;
				GCC_WARN_UNDECLARED_SELECTOR = YES;
				GCC_WARN_UNINITIALIZED_AUTOS = YES_AGGRESSIVE;
				GCC_WARN_UNUSED_FUNCTION = YES;
				GCC_WARN_UNUSED_VARIABLE = YES;
				IPHONEOS_DEPLOYMENT_TARGET = 11.2;
				MTL_ENABLE_DEBUG_INFO = YES;
				ONLY_ACTIVE_ARCH = YES;
				SDKROOT = iphoneos;
			};
			name = Debug;
		};
		AD41F2F71FDFCDED00D7731B /* Release */ = {
			isa = XCBuildConfiguration;
			buildSettings = {
				ALWAYS_SEARCH_USER_PATHS = NO;
				CLANG_ANALYZER_NONNULL = YES;
				CLANG_ANALYZER_NUMBER_OBJECT_CONVERSION = YES_AGGRESSIVE;
				CLANG_CXX_LANGUAGE_STANDARD = "gnu++14";
				CLANG_CXX_LIBRARY = "libc++";
				CLANG_ENABLE_MODULES = YES;
				CLANG_ENABLE_OBJC_ARC = YES;
				CLANG_WARN_BLOCK_CAPTURE_AUTORELEASING = YES;
				CLANG_WARN_BOOL_CONVERSION = YES;
				CLANG_WARN_COMMA = YES;
				CLANG_WARN_CONSTANT_CONVERSION = YES;
				CLANG_WARN_DIRECT_OBJC_ISA_USAGE = YES_ERROR;
				CLANG_WARN_DOCUMENTATION_COMMENTS = YES;
				CLANG_WARN_EMPTY_BODY = YES;
				CLANG_WARN_ENUM_CONVERSION = YES;
				CLANG_WARN_INFINITE_RECURSION = YES;
				CLANG_WARN_INT_CONVERSION = YES;
				CLANG_WARN_NON_LITERAL_NULL_CONVERSION = YES;
				CLANG_WARN_OBJC_LITERAL_CONVERSION = YES;
				CLANG_WARN_OBJC_ROOT_CLASS = YES_ERROR;
				CLANG_WARN_RANGE_LOOP_ANALYSIS = YES;
				CLANG_WARN_STRICT_PROTOTYPES = YES;
				CLANG_WARN_SUSPICIOUS_MOVE = YES;
				CLANG_WARN_UNGUARDED_AVAILABILITY = YES_AGGRESSIVE;
				CLANG_WARN_UNREACHABLE_CODE = YES;
				CLANG_WARN__DUPLICATE_METHOD_MATCH = YES;
				CODE_SIGN_IDENTITY = "iPhone Developer";
				COPY_PHASE_STRIP = NO;
				DEBUG_INFORMATION_FORMAT = "dwarf-with-dsym";
				ENABLE_NS_ASSERTIONS = NO;
				ENABLE_STRICT_OBJC_MSGSEND = YES;
				GCC_C_LANGUAGE_STANDARD = gnu11;
				GCC_NO_COMMON_BLOCKS = YES;
				GCC_WARN_64_TO_32_BIT_CONVERSION = YES;
				GCC_WARN_ABOUT_RETURN_TYPE = YES_ERROR;
				GCC_WARN_UNDECLARED_SELECTOR = YES;
				GCC_WARN_UNINITIALIZED_AUTOS = YES_AGGRESSIVE;
				GCC_WARN_UNUSED_FUNCTION = YES;
				GCC_WARN_UNUSED_VARIABLE = YES;
				IPHONEOS_DEPLOYMENT_TARGET = 11.2;
				MTL_ENABLE_DEBUG_INFO = NO;
				SDKROOT = iphoneos;
				VALIDATE_PRODUCT = YES;
			};
			name = Release;
		};
		AD41F2F91FDFCDED00D7731B /* Debug */ = {
			isa = XCBuildConfiguration;
			buildSettings = {
				ASSETCATALOG_COMPILER_APPICON_NAME = AppIcon;
				CODE_SIGN_STYLE = Automatic;
				INFOPLIST_FILE = ZLImageTextButton/Info.plist;
				LD_RUNPATH_SEARCH_PATHS = "$(inherited) @executable_path/Frameworks";
				PRODUCT_BUNDLE_IDENTIFIER = com.czl.ZLImageTextButton;
				PRODUCT_NAME = "$(TARGET_NAME)";
				TARGETED_DEVICE_FAMILY = "1,2";
			};
			name = Debug;
		};
		AD41F2FA1FDFCDED00D7731B /* Release */ = {
			isa = XCBuildConfiguration;
			buildSettings = {
				ASSETCATALOG_COMPILER_APPICON_NAME = AppIcon;
				CODE_SIGN_STYLE = Automatic;
				INFOPLIST_FILE = ZLImageTextButton/Info.plist;
				LD_RUNPATH_SEARCH_PATHS = "$(inherited) @executable_path/Frameworks";
				PRODUCT_BUNDLE_IDENTIFIER = com.czl.ZLImageTextButton;
				PRODUCT_NAME = "$(TARGET_NAME)";
				TARGETED_DEVICE_FAMILY = "1,2";
			};
			name = Release;
		};
		AD41F2FC1FDFCDED00D7731B /* Debug */ = {
			isa = XCBuildConfiguration;
			buildSettings = {
				BUNDLE_LOADER = "$(TEST_HOST)";
				CODE_SIGN_STYLE = Automatic;
				INFOPLIST_FILE = ZLImageTextButtonTests/Info.plist;
				LD_RUNPATH_SEARCH_PATHS = "$(inherited) @executable_path/Frameworks @loader_path/Frameworks";
				PRODUCT_BUNDLE_IDENTIFIER = com.czl.ZLImageTextButtonTests;
				PRODUCT_NAME = "$(TARGET_NAME)";
				TARGETED_DEVICE_FAMILY = "1,2";
				TEST_HOST = "$(BUILT_PRODUCTS_DIR)/ZLImageTextButton.app/ZLImageTextButton";
			};
			name = Debug;
		};
		AD41F2FD1FDFCDED00D7731B /* Release */ = {
			isa = XCBuildConfiguration;
			buildSettings = {
				BUNDLE_LOADER = "$(TEST_HOST)";
				CODE_SIGN_STYLE = Automatic;
				INFOPLIST_FILE = ZLImageTextButtonTests/Info.plist;
				LD_RUNPATH_SEARCH_PATHS = "$(inherited) @executable_path/Frameworks @loader_path/Frameworks";
				PRODUCT_BUNDLE_IDENTIFIER = com.czl.ZLImageTextButtonTests;
				PRODUCT_NAME = "$(TARGET_NAME)";
				TARGETED_DEVICE_FAMILY = "1,2";
				TEST_HOST = "$(BUILT_PRODUCTS_DIR)/ZLImageTextButton.app/ZLImageTextButton";
			};
			name = Release;
		};
		AD41F2FF1FDFCDED00D7731B /* Debug */ = {
			isa = XCBuildConfiguration;
			buildSettings = {
				CODE_SIGN_STYLE = Automatic;
				INFOPLIST_FILE = ZLImageTextButtonUITests/Info.plist;
				LD_RUNPATH_SEARCH_PATHS = "$(inherited) @executable_path/Frameworks @loader_path/Frameworks";
				PRODUCT_BUNDLE_IDENTIFIER = com.czl.ZLImageTextButtonUITests;
				PRODUCT_NAME = "$(TARGET_NAME)";
				TARGETED_DEVICE_FAMILY = "1,2";
				TEST_TARGET_NAME = ZLImageTextButton;
			};
			name = Debug;
		};
		AD41F3001FDFCDED00D7731B /* Release */ = {
			isa = XCBuildConfiguration;
			buildSettings = {
				CODE_SIGN_STYLE = Automatic;
				INFOPLIST_FILE = ZLImageTextButtonUITests/Info.plist;
				LD_RUNPATH_SEARCH_PATHS = "$(inherited) @executable_path/Frameworks @loader_path/Frameworks";
				PRODUCT_BUNDLE_IDENTIFIER = com.czl.ZLImageTextButtonUITests;
				PRODUCT_NAME = "$(TARGET_NAME)";
				TARGETED_DEVICE_FAMILY = "1,2";
				TEST_TARGET_NAME = ZLImageTextButton;
			};
			name = Release;
		};
/* End XCBuildConfiguration section */

/* Begin XCConfigurationList section */
		AD41F2C71FDFCDED00D7731B /* Build configuration list for PBXProject "ZLImageTextButton" */ = {
			isa = XCConfigurationList;
			buildConfigurations = (
				AD41F2F61FDFCDED00D7731B /* Debug */,
				AD41F2F71FDFCDED00D7731B /* Release */,
			);
			defaultConfigurationIsVisible = 0;
			defaultConfigurationName = Release;
		};
		AD41F2F81FDFCDED00D7731B /* Build configuration list for PBXNativeTarget "ZLImageTextButton" */ = {
			isa = XCConfigurationList;
			buildConfigurations = (
				AD41F2F91FDFCDED00D7731B /* Debug */,
				AD41F2FA1FDFCDED00D7731B /* Release */,
			);
			defaultConfigurationIsVisible = 0;
			defaultConfigurationName = Release;
		};
		AD41F2FB1FDFCDED00D7731B /* Build configuration list for PBXNativeTarget "ZLImageTextButtonTests" */ = {
			isa = XCConfigurationList;
			buildConfigurations = (
				AD41F2FC1FDFCDED00D7731B /* Debug */,
				AD41F2FD1FDFCDED00D7731B /* Release */,
			);
			defaultConfigurationIsVisible = 0;
			defaultConfigurationName = Release;
		};
		AD41F2FE1FDFCDED00D7731B /* Build configuration list for PBXNativeTarget "ZLImageTextButtonUITests" */ = {
			isa = XCConfigurationList;
			buildConfigurations = (
				AD41F2FF1FDFCDED00D7731B /* Debug */,
				AD41F3001FDFCDED00D7731B /* Release */,
			);
			defaultConfigurationIsVisible = 0;
			defaultConfigurationName = Release;
		};
/* End XCConfigurationList section */
	};
	rootObject = AD41F2C41FDFCDED00D7731B /* Project object */;
}
